<Solution>
  <Folder Name="/src/">
    <Project Path="src/Ros.Domain/Ros.Domain.fsproj" />
    <Project Path="src/Ros.Contracts/Ros.Contracts.fsproj" />
    <Project Path="src/Ros.Application/Ros.Application.fsproj" />
    <Project Path="src/Ros.Infrastructure/Ros.Infrastructure.fsproj" />
    <Project Path="src/Ros.Cli/Ros.Cli.fsproj" />
    <Project Path="src/Ros.Integration/Ros.Integration.fsproj" />
    <Project Path="src/Ros.ProjectAdministration/Ros.ProjectAdministration.fsproj" />
    <Project Path="src/Ros.Persistence/Ros.Persistence.fsproj" />
    <Project Path="src/Ros.Host/Ros.Host.fsproj" />
  </Folder>
  <Folder Name="/tests/">
    <Project Path="tests/Ros.Tests/Ros.Tests.fsproj" />
    <Project Path="tests/Ros.Integration.Tests/Ros.Integration.Tests.fsproj" />
    <Project Path="tests/Ros.Integration.Compatibility.Tests/Ros.Integration.Compatibility.Tests.fsproj" />
    <Project Path="tests/Ros.Integration.Consumer.Tests/Ros.Integration.Consumer.Tests.fsproj" />
    <Project Path="tests/Ros.ProjectAdministration.Tests/Ros.ProjectAdministration.Tests.fsproj" />
    <Project Path="tests/Ros.Persistence.Tests/Ros.Persistence.Tests.fsproj" />
    <Project Path="tests/Ros.Host.Tests/Ros.Host.Tests.fsproj" />
  </Folder>
</Solution>
